# THIS IS AN AUTOGENERATED FILE. DO NOT EDIT THIS FILE DIRECTLY.
# yarn lockfile v1


"@types/node@^10.12.21":
  version "10.14.0"
  resolved "https://registry.yarnpkg.com/@types/node/-/node-10.14.0.tgz#1c297530428c6f4e0a0a3222f5b44745669aa9f7"
  integrity sha512-1UhSMMDix7bVdUeqtZERQQyJr3QuFoN5X5APtpIooGkumE3crPaeq7UgFeJNjGD8yCQ8od8PzRkgptR5+x327Q==
